// !$*UTF8*$!
{
	archiveVersion = 1;
	classes = {
	};
	objectVersion = 46;
	objects = {

/* Begin PBXBuildFile section */
		EBC47E691A779094006D4AB3 /* main.m in Sources */ = {isa = PBXBuildFile; fileRef = EBC47E681A779094006D4AB3 /* main.m */; };
		EBC47E6C1A779094006D4AB3 /* AppDelegate.m in Sources */ = {isa = PBXBuildFile; fileRef = EBC47E6B1A779094006D4AB3 /* AppDelegate.m */; };
		EBC47E6F1A779094006D4AB3 /* ViewController.m in Sources */ = {isa = PBXBuildFile; fileRef = EBC47E6E1A779094006D4AB3 /* ViewController.m */; };
		EBC47E721A779094006D4AB3 /* Main.storyboard in Resources */ = {isa = PBXBuildFile; fileRef = EBC47E701A779094006D4AB3 /* Main.storyboard */; };
		EBC47E741A779094006D4AB3 /* Images.xcassets in Resources */ = {isa = PBXBuildFile; fileRef = EBC47E731A779094006D4AB3 /* Images.xcassets */; };
		EBC47E771A779094006D4AB3 /* LaunchScreen.xib in Resources */ = {isa = PBXBuildFile; fileRef = EBC47E751A779094006D4AB3 /* LaunchScreen.xib */; };
		EBC47E831A779094006D4AB3 /* CALayerTests.m in Sources */ = {isa = PBXBuildFile; fileRef = EBC47E821A779094006D4AB3 /* CALayerTests.m */; };
		EBC47E8E1A77916E006D4AB3 /* LHLayer.m in Sources */ = {isa = PBXBuildFile; fileRef = EBC47E8D1A77916E006D4AB3 /* LHLayer.m */; };
/* End PBXBuildFile section */

/* Begin PBXContainerItemProxy section */
		EBC47E7D1A779094006D4AB3 /* PBXContainerItemProxy */ = {
			isa = PBXContainerItemProxy;
			containerPortal = EBC47E5B1A779094006D4AB3 /* Project object */;
			proxyType = 1;
			remoteGlobalIDString = EBC47E621A779094006D4AB3;
			remoteInfo = CALayer;
		};
/* End PBXContainerItemProxy section */

/* Begin PBXFileReference section */
		EBC47E631A779094006D4AB3 /* CALayer.app */ = {isa = PBXFileReference; explicitFileType = wrapper.application; includeInIndex = 0; path = CALayer.app; sourceTree = BUILT_PRODUCTS_DIR; };
		EBC47E671A779094006D4AB3 /* Info.plist */ = {isa = PBXFileReference; lastKnownFileType = text.plist.xml; path = Info.plist; sourceTree = "<group>"; };
		EBC47E681A779094006D4AB3 /* main.m */ = {isa = PBXFileReference; lastKnownFileType = sourcecode.c.objc; path = main.m; sourceTree = "<group>"; };
		EBC47E6A1A779094006D4AB3 /* AppDelegate.h */ = {isa = PBXFileReference; lastKnownFileType = sourcecode.c.h; path = AppDelegate.h; sourceTree = "<group>"; };
		EBC47E6B1A779094006D4AB3 /* AppDelegate.m */ = {isa = PBXFileReference; lastKnownFileType = sourcecode.c.objc; path = AppDelegate.m; sourceTree = "<group>"; };
		EBC47E6D1A779094006D4AB3 /* ViewController.h */ = {isa = PBXFileReference; lastKnownFileType = sourcecode.c.h; path = ViewController.h; sourceTree = "<group>"; };
		EBC47E6E1A779094006D4AB3 /* ViewController.m */ = {isa = PBXFileReference; lastKnownFileType = sourcecode.c.objc; path = ViewController.m; sourceTree = "<group>"; };
		EBC47E711A779094006D4AB3 /* Base */ = {isa = PBXFileReference; lastKnownFileType = file.storyboard; name = Base; path = Base.lproj/Main.storyboard; sourceTree = "<group>"; };
		EBC47E731A779094006D4AB3 /* Images.xcassets */ = {isa = PBXFileReference; lastKnownFileType = folder.assetcatalog; path = Images.xcassets; sourceTree = "<group>"; };
		EBC47E761A779094006D4AB3 /* Base */ = {isa = PBXFileReference; lastKnownFileType = file.xib; name = Base; path = Base.lproj/LaunchScreen.xib; sourceTree = "<group>"; };
		EBC47E7C1A779094006D4AB3 /* CALayerTests.xctest */ = {isa = PBXFileReference; explicitFileType = wrapper.cfbundle; includeInIndex = 0; path = CALayerTests.xctest; sourceTree = BUILT_PRODUCTS_DIR; };
		EBC47E811A779094006D4AB3 /* Info.plist */ = {isa = PBXFileReference; lastKnownFileType = text.plist.xml; path = Info.plist; sourceTree = "<group>"; };
		EBC47E821A779094006D4AB3 /* CALayerTests.m */ = {isa = PBXFileReference; lastKnownFileType = sourcecode.c.objc; path = CALayerTests.m; sourceTree = "<group>"; };
		EBC47E8C1A77916E006D4AB3 /* LHLayer.h */ = {isa = PBXFileReference; fileEncoding = 4; lastKnownFileType = sourcecode.c.h; path = LHLayer.h; sourceTree = "<group>"; };
		EBC47E8D1A77916E006D4AB3 /* LHLayer.m */ = {isa = PBXFileReference; fileEncoding = 4; lastKnownFileType = sourcecode.c.objc; path = LHLayer.m; sourceTree = "<group>"; };
/* End PBXFileReference section */

/* Begin PBXFrameworksBuildPhase section */
		EBC47E601A779094006D4AB3 /* Frameworks */ = {
			isa = PBXFrameworksBuildPhase;
			buildActionMask = 2147483647;
			files = (
			);
			runOnlyForDeploymentPostprocessing = 0;
		};
		EBC47E791A779094006D4AB3 /* Frameworks */ = {
			isa = PBXFrameworksBuildPhase;
			buildActionMask = 2147483647;
			files = (
			);
			runOnlyForDeploymentPostprocessing = 0;
		};
/* End PBXFrameworksBuildPhase section */

/* Begin PBXGroup section */
		EBC47E5A1A779094006D4AB3 = {
			isa = PBXGroup;
			children = (
				EBC47E8C1A77916E006D4AB3 /* LHLayer.h */,
				EBC47E8D1A77916E006D4AB3 /* LHLayer.m */,
				EBC47E651A779094006D4AB3 /* CALayer */,
				EBC47E7F1A779094006D4AB3 /* CALayerTests */,
				EBC47E641A779094006D4AB3 /* Products */,
			);
			sourceTree = "<group>";
		};
		EBC47E641A779094006D4AB3 /* Products */ = {
			isa = PBXGroup;
			children = (
				EBC47E631A779094006D4AB3 /* CALayer.app */,
				EBC47E7C1A779094006D4AB3 /* CALayerTests.xctest */,
			);
			name = Products;
			sourceTree = "<group>";
		};
		EBC47E651A779094006D4AB3 /* CALayer */ = {
			isa = PBXGroup;
			children = (
				EBC47E6A1A779094006D4AB3 /* AppDelegate.h */,
				EBC47E6B1A779094006D4AB3 /* AppDelegate.m */,
				EBC47E6D1A779094006D4AB3 /* ViewController.h */,
				EBC47E6E1A779094006D4AB3 /* ViewController.m */,
				EBC47E701A779094006D4AB3 /* Main.storyboard */,
				EBC47E731A779094006D4AB3 /* Images.xcassets */,
				EBC47E751A779094006D4AB3 /* LaunchScreen.xib */,
				EBC47E661A779094006D4AB3 /* Supporting Files */,
			);
			path = CALayer;
			sourceTree = "<group>";
		};
		EBC47E661A779094006D4AB3 /* Supporting Files */ = {
			isa = PBXGroup;
			children = (
				EBC47E671A779094006D4AB3 /* Info.plist */,
				EBC47E681A779094006D4AB3 /* main.m */,
			);
			name = "Supporting Files";
			sourceTree = "<group>";
		};
		EBC47E7F1A779094006D4AB3 /* CALayerTests */ = {
			isa = PBXGroup;
			children = (
				EBC47E821A779094006D4AB3 /* CALayerTests.m */,
				EBC47E801A779094006D4AB3 /* Supporting Files */,
			);
			path = CALayerTests;
			sourceTree = "<group>";
		};
		EBC47E801A779094006D4AB3 /* Supporting Files */ = {
			isa = PBXGroup;
			children = (
				EBC47E811A779094006D4AB3 /* Info.plist */,
			);
			name = "Supporting Files";
			sourceTree = "<group>";
		};
/* End PBXGroup section */

/* Begin PBXNativeTarget section */
		EBC47E621A779094006D4AB3 /* CALayer */ = {
			isa = PBXNativeTarget;
			buildConfigurationList = EBC47E861A779094006D4AB3 /* Build configuration list for PBXNativeTarget "CALayer" */;
			buildPhases = (
				EBC47E5F1A779094006D4AB3 /* Sources */,
				EBC47E601A779094006D4AB3 /* Frameworks */,
				EBC47E611A779094006D4AB3 /* Resources */,
			);
			buildRules = (
			);
			dependencies = (
			);
			name = CALayer;
			productName = CALayer;
			productReference = EBC47E631A779094006D4AB3 /* CALayer.app */;
			productType = "com.apple.product-type.application";
		};
		EBC47E7B1A779094006D4AB3 /* CALayerTests */ = {
			isa = PBXNativeTarget;
			buildConfigurationList = EBC47E891A779094006D4AB3 /* Build configuration list for PBXNativeTarget "CALayerTests" */;
			buildPhases = (
				EBC47E781A779094006D4AB3 /* Sources */,
				EBC47E791A779094006D4AB3 /* Frameworks */,
				EBC47E7A1A779094006D4AB3 /* Resources */,
			);
			buildRules = (
			);
			dependencies = (
				EBC47E7E1A779094006D4AB3 /* PBXTargetDependency */,
			);
			name = CALayerTests;
			productName = CALayerTests;
			productReference = EBC47E7C1A779094006D4AB3 /* CALayerTests.xctest */;
			productType = "com.apple.product-type.bundle.unit-test";
		};
/* End PBXNativeTarget section */

/* Begin PBXProject section */
		EBC47E5B1A779094006D4AB3 /* Project object */ = {
			isa = PBXProject;
			attributes = {
				LastUpgradeCheck = 0610;
				ORGANIZATIONNAME = lh;
				TargetAttributes = {
					EBC47E621A779094006D4AB3 = {
						CreatedOnToolsVersion = 6.1.1;
					};
					EBC47E7B1A779094006D4AB3 = {
						CreatedOnToolsVersion = 6.1.1;
						TestTargetID = EBC47E621A779094006D4AB3;
					};
				};
			};
			buildConfigurationList = EBC47E5E1A779094006D4AB3 /* Build configuration list for PBXProject "CALayer" */;
			compatibilityVersion = "Xcode 3.2";
			developmentRegion = English;
			hasScannedForEncodings = 0;
			knownRegions = (
				en,
				Base,
			);
			mainGroup = EBC47E5A1A779094006D4AB3;
			productRefGroup = EBC47E641A779094006D4AB3 /* Products */;
			projectDirPath = "";
			projectRoot = "";
			targets = (
				EBC47E621A779094006D4AB3 /* CALayer */,
				EBC47E7B1A779094006D4AB3 /* CALayerTests */,
			);
		};
/* End PBXProject section */

/* Begin PBXResourcesBuildPhase section */
		EBC47E611A779094006D4AB3 /* Resources */ = {
			isa = PBXResourcesBuildPhase;
			buildActionMask = 2147483647;
			files = (
				EBC47E721A779094006D4AB3 /* Main.storyboard in Resources */,
				EBC47E771A779094006D4AB3 /* LaunchScreen.xib in Resources */,
				EBC47E741A779094006D4AB3 /* Images.xcassets in Resources */,
			);
			runOnlyForDeploymentPostprocessing = 0;
		};
		EBC47E7A1A779094006D4AB3 /* Resources */ = {
			isa = PBXResourcesBuildPhase;
			buildActionMask = 2147483647;
			files = (
			);
			runOnlyForDeploymentPostprocessing = 0;
		};
/* End PBXResourcesBuildPhase section */

/* Begin PBXSourcesBuildPhase section */
		EBC47E5F1A779094006D4AB3 /* Sources */ = {
			isa = PBXSourcesBuildPhase;
			buildActionMask = 2147483647;
			files = (
				EBC47E6F1A779094006D4AB3 /* ViewController.m in Sources */,
				EBC47E8E1A77916E006D4AB3 /* LHLayer.m in Sources */,
				EBC47E6C1A779094006D4AB3 /* AppDelegate.m in Sources */,
				EBC47E691A779094006D4AB3 /* main.m in Sources */,
			);
			runOnlyForDeploymentPostprocessing = 0;
		};
		EBC47E781A779094006D4AB3 /* Sources */ = {
			isa = PBXSourcesBuildPhase;
			buildActionMask = 2147483647;
			files = (
				EBC47E831A779094006D4AB3 /* CALayerTests.m in Sources */,
			);
			runOnlyForDeploymentPostprocessing = 0;
		};
/* End PBXSourcesBuildPhase section */

/* Begin PBXTargetDependency section */
		EBC47E7E1A779094006D4AB3 /* PBXTargetDependency */ = {
			isa = PBXTargetDependency;
			target = EBC47E621A779094006D4AB3 /* CALayer */;
			targetProxy = EBC47E7D1A779094006D4AB3 /* PBXContainerItemProxy */;
		};
/* End PBXTargetDependency section */

/* Begin PBXVariantGroup section */
		EBC47E701A779094006D4AB3 /* Main.storyboard */ = {
			isa = PBXVariantGroup;
			children = (
				EBC47E711A779094006D4AB3 /* Base */,
			);
			name = Main.storyboard;
			sourceTree = "<group>";
		};
		EBC47E751A779094006D4AB3 /* LaunchScreen.xib */ = {
			isa = PBXVariantGroup;
			children = (
				EBC47E761A779094006D4AB3 /* Base */,
			);
			name = LaunchScreen.xib;
			sourceTree = "<group>";
		};
/* End PBXVariantGroup section */

/* Begin XCBuildConfiguration section */
		EBC47E841A779094006D4AB3 /* Debug */ = {
			isa = XCBuildConfiguration;
			buildSettings = {
				ALWAYS_SEARCH_USER_PATHS = NO;
				CLANG_CXX_LANGUAGE_STANDARD = "gnu++0x";
				CLANG_CXX_LIBRARY = "libc++";
				CLANG_ENABLE_MODULES = YES;
				CLANG_ENABLE_OBJC_ARC = YES;
				CLANG_WARN_BOOL_CONVERSION = YES;
				CLANG_WARN_CONSTANT_CONVERSION = YES;
				CLANG_WARN_DIRECT_OBJC_ISA_USAGE = YES_ERROR;
				CLANG_WARN_EMPTY_BODY = YES;
				CLANG_WARN_ENUM_CONVERSION = YES;
				CLANG_WARN_INT_CONVERSION = YES;
				CLANG_WARN_OBJC_ROOT_CLASS = YES_ERROR;
				CLANG_WARN_UNREACHABLE_CODE = YES;
				CLANG_WARN__DUPLICATE_METHOD_MATCH = YES;
				"CODE_SIGN_IDENTITY[sdk=iphoneos*]" = "iPhone Developer";
				COPY_PHASE_STRIP = NO;
				ENABLE_STRICT_OBJC_MSGSEND = YES;
				GCC_C_LANGUAGE_STANDARD = gnu99;
				GCC_DYNAMIC_NO_PIC = NO;
				GCC_OPTIMIZATION_LEVEL = 0;
				GCC_PREPROCESSOR_DEFINITIONS = (
					"DEBUG=1",
					"$(inherited)",
				);
				GCC_SYMBOLS_PRIVATE_EXTERN = NO;
				GCC_WARN_64_TO_32_BIT_CONVERSION = YES;
				GCC_WARN_ABOUT_RETURN_TYPE = YES_ERROR;
				GCC_WARN_UNDECLARED_SELECTOR = YES;
				GCC_WARN_UNINITIALIZED_AUTOS = YES_AGGRESSIVE;
				GCC_WARN_UNUSED_FUNCTION = YES;
				GCC_WARN_UNUSED_VARIABLE = YES;
				IPHONEOS_DEPLOYMENT_TARGET = 8.1;
				MTL_ENABLE_DEBUG_INFO = YES;
				ONLY_ACTIVE_ARCH = YES;
				SDKROOT = iphoneos;
			};
			name = Debug;
		};
		EBC47E851A779094006D4AB3 /* Release */ = {
			isa = XCBuildConfiguration;
			buildSettings = {
				ALWAYS_SEARCH_USER_PATHS = NO;
				CLANG_CXX_LANGUAGE_STANDARD = "gnu++0x";
				CLANG_CXX_LIBRARY = "libc++";
				CLANG_ENABLE_MODULES = YES;
				CLANG_ENABLE_OBJC_ARC = YES;
				CLANG_WARN_BOOL_CONVERSION = YES;
				CLANG_WARN_CONSTANT_CONVERSION = YES;
				CLANG_WARN_DIRECT_OBJC_ISA_USAGE = YES_ERROR;
				CLANG_WARN_EMPTY_BODY = YES;
				CLANG_WARN_ENUM_CONVERSION = YES;
				CLANG_WARN_INT_CONVERSION = YES;
				CLANG_WARN_OBJC_ROOT_CLASS = YES_ERROR;
				CLANG_WARN_UNREACHABLE_CODE = YES;
				CLANG_WARN__DUPLICATE_METHOD_MATCH = YES;
				"CODE_SIGN_IDENTITY[sdk=iphoneos*]" = "iPhone Developer";
				COPY_PHASE_STRIP = YES;
				ENABLE_NS_ASSERTIONS = NO;
				ENABLE_STRICT_OBJC_MSGSEND = YES;
				GCC_C_LANGUAGE_STANDARD = gnu99;
				GCC_WARN_64_TO_32_BIT_CONVERSION = YES;
				GCC_WARN_ABOUT_RETURN_TYPE = YES_ERROR;
				GCC_WARN_UNDECLARED_SELECTOR = YES;
				GCC_WARN_UNINITIALIZED_AUTOS = YES_AGGRESSIVE;
				GCC_WARN_UNUSED_FUNCTION = YES;
				GCC_WARN_UNUSED_VARIABLE = YES;
				IPHONEOS_DEPLOYMENT_TARGET = 8.1;
				MTL_ENABLE_DEBUG_INFO = NO;
				SDKROOT = iphoneos;
				VALIDATE_PRODUCT = YES;
			};
			name = Release;
		};
		EBC47E871A779094006D4AB3 /* Debug */ = {
			isa = XCBuildConfiguration;
			buildSettings = {
				ASSETCATALOG_COMPILER_APPICON_NAME = AppIcon;
				INFOPLIST_FILE = CALayer/Info.plist;
				LD_RUNPATH_SEARCH_PATHS = "$(inherited) @executable_path/Frameworks";
				PRODUCT_NAME = "$(TARGET_NAME)";
			};
			name = Debug;
		};
		EBC47E881A779094006D4AB3 /* Release */ = {
			isa = XCBuildConfiguration;
			buildSettings = {
				ASSETCATALOG_COMPILER_APPICON_NAME = AppIcon;
				INFOPLIST_FILE = CALayer/Info.plist;
				LD_RUNPATH_SEARCH_PATHS = "$(inherited) @executable_path/Frameworks";
				PRODUCT_NAME = "$(TARGET_NAME)";
			};
			name = Release;
		};
		EBC47E8A1A779094006D4AB3 /* Debug */ = {
			isa = XCBuildConfiguration;
			buildSettings = {
				BUNDLE_LOADER = "$(TEST_HOST)";
				FRAMEWORK_SEARCH_PATHS = (
					"$(SDKROOT)/Developer/Library/Frameworks",
					"$(inherited)",
				);
				GCC_PREPROCESSOR_DEFINITIONS = (
					"DEBUG=1",
					"$(inherited)",
				);
				INFOPLIST_FILE = CALayerTests/Info.plist;
				LD_RUNPATH_SEARCH_PATHS = "$(inherited) @executable_path/Frameworks @loader_path/Frameworks";
				PRODUCT_NAME = "$(TARGET_NAME)";
				TEST_HOST = "$(BUILT_PRODUCTS_DIR)/CALayer.app/CALayer";
			};
			name = Debug;
		};
		EBC47E8B1A779094006D4AB3 /* Release */ = {
			isa = XCBuildConfiguration;
			buildSettings = {
				BUNDLE_LOADER = "$(TEST_HOST)";
				FRAMEWORK_SEARCH_PATHS = (
					"$(SDKROOT)/Developer/Library/Frameworks",
					"$(inherited)",
				);
				INFOPLIST_FILE = CALayerTests/Info.plist;
				LD_RUNPATH_SEARCH_PATHS = "$(inherited) @executable_path/Frameworks @loader_path/Frameworks";
				PRODUCT_NAME = "$(TARGET_NAME)";
				TEST_HOST = "$(BUILT_PRODUCTS_DIR)/CALayer.app/CALayer";
			};
			name = Release;
		};
/* End XCBuildConfiguration section */

/* Begin XCConfigurationList section */
		EBC47E5E1A779094006D4AB3 /* Build configuration list for PBXProject "CALayer" */ = {
			isa = XCConfigurationList;
			buildConfigurations = (
				EBC47E841A779094006D4AB3 /* Debug */,
				EBC47E851A779094006D4AB3 /* Release */,
			);
			defaultConfigurationIsVisible = 0;
			defaultConfigurationName = Release;
		};
		EBC47E861A779094006D4AB3 /* Build configuration list for PBXNativeTarget "CALayer" */ = {
			isa = XCConfigurationList;
			buildConfigurations = (
				EBC47E871A779094006D4AB3 /* Debug */,
				EBC47E881A779094006D4AB3 /* Release */,
			);
			defaultConfigurationIsVisible = 0;
		};
		EBC47E891A779094006D4AB3 /* Build configuration list for PBXNativeTarget "CALayerTests" */ = {
			isa = XCConfigurationList;
			buildConfigurations = (
				EBC47E8A1A779094006D4AB3 /* Debug */,
				EBC47E8B1A779094006D4AB3 /* Release */,
			);
			defaultConfigurationIsVisible = 0;
		};
/* End XCConfigurationList section */
	};
	rootObject = EBC47E5B1A779094006D4AB3 /* Project object */;
}
