// !$*UTF8*$!
{
	archiveVersion = 1;
	classes = {
	};
	objectVersion = 46;
	objects = {

/* Begin PBXBuildFile section */
		EBC47FD21A79CEF1006D4AB3 /* main.m in Sources */ = {isa = PBXBuildFile; fileRef = EBC47FD11A79CEF1006D4AB3 /* main.m */; };
		EBC47FD51A79CEF1006D4AB3 /* AppDelegate.m in Sources */ = {isa = PBXBuildFile; fileRef = EBC47FD41A79CEF1006D4AB3 /* AppDelegate.m */; };
		EBC47FD81A79CEF1006D4AB3 /* ViewController.m in Sources */ = {isa = PBXBuildFile; fileRef = EBC47FD71A79CEF1006D4AB3 /* ViewController.m */; };
		EBC47FDB1A79CEF1006D4AB3 /* Main.storyboard in Resources */ = {isa = PBXBuildFile; fileRef = EBC47FD91A79CEF1006D4AB3 /* Main.storyboard */; };
		EBC47FDD1A79CEF1006D4AB3 /* Images.xcassets in Resources */ = {isa = PBXBuildFile; fileRef = EBC47FDC1A79CEF1006D4AB3 /* Images.xcassets */; };
		EBC47FE01A79CEF1006D4AB3 /* LaunchScreen.xib in Resources */ = {isa = PBXBuildFile; fileRef = EBC47FDE1A79CEF1006D4AB3 /* LaunchScreen.xib */; };
		EBC47FEC1A79CEF1006D4AB3 /* ____Tests.m in Sources */ = {isa = PBXBuildFile; fileRef = EBC47FEB1A79CEF1006D4AB3 /* ____Tests.m */; };
		EBC47FF71A79CF10006D4AB3 /* LHObject.m in Sources */ = {isa = PBXBuildFile; fileRef = EBC47FF61A79CF10006D4AB3 /* LHObject.m */; };
/* End PBXBuildFile section */

/* Begin PBXContainerItemProxy section */
		EBC47FE61A79CEF1006D4AB3 /* PBXContainerItemProxy */ = {
			isa = PBXContainerItemProxy;
			containerPortal = EBC47FC41A79CEF1006D4AB3 /* Project object */;
			proxyType = 1;
			remoteGlobalIDString = EBC47FCB1A79CEF1006D4AB3;
			remoteInfo = "单例模式";
		};
/* End PBXContainerItemProxy section */

/* Begin PBXFileReference section */
		EBC47FCC1A79CEF1006D4AB3 /* 单例模式.app */ = {isa = PBXFileReference; explicitFileType = wrapper.application; includeInIndex = 0; path = "单例模式.app"; sourceTree = BUILT_PRODUCTS_DIR; };
		EBC47FD01A79CEF1006D4AB3 /* Info.plist */ = {isa = PBXFileReference; lastKnownFileType = text.plist.xml; path = Info.plist; sourceTree = "<group>"; };
		EBC47FD11A79CEF1006D4AB3 /* main.m */ = {isa = PBXFileReference; lastKnownFileType = sourcecode.c.objc; path = main.m; sourceTree = "<group>"; };
		EBC47FD31A79CEF1006D4AB3 /* AppDelegate.h */ = {isa = PBXFileReference; lastKnownFileType = sourcecode.c.h; path = AppDelegate.h; sourceTree = "<group>"; };
		EBC47FD41A79CEF1006D4AB3 /* AppDelegate.m */ = {isa = PBXFileReference; lastKnownFileType = sourcecode.c.objc; path = AppDelegate.m; sourceTree = "<group>"; };
		EBC47FD61A79CEF1006D4AB3 /* ViewController.h */ = {isa = PBXFileReference; lastKnownFileType = sourcecode.c.h; path = ViewController.h; sourceTree = "<group>"; };
		EBC47FD71A79CEF1006D4AB3 /* ViewController.m */ = {isa = PBXFileReference; lastKnownFileType = sourcecode.c.objc; path = ViewController.m; sourceTree = "<group>"; };
		EBC47FDA1A79CEF1006D4AB3 /* Base */ = {isa = PBXFileReference; lastKnownFileType = file.storyboard; name = Base; path = Base.lproj/Main.storyboard; sourceTree = "<group>"; };
		EBC47FDC1A79CEF1006D4AB3 /* Images.xcassets */ = {isa = PBXFileReference; lastKnownFileType = folder.assetcatalog; path = Images.xcassets; sourceTree = "<group>"; };
		EBC47FDF1A79CEF1006D4AB3 /* Base */ = {isa = PBXFileReference; lastKnownFileType = file.xib; name = Base; path = Base.lproj/LaunchScreen.xib; sourceTree = "<group>"; };
		EBC47FE51A79CEF1006D4AB3 /* 单例模式Tests.xctest */ = {isa = PBXFileReference; explicitFileType = wrapper.cfbundle; includeInIndex = 0; path = "单例模式Tests.xctest"; sourceTree = BUILT_PRODUCTS_DIR; };
		EBC47FEA1A79CEF1006D4AB3 /* Info.plist */ = {isa = PBXFileReference; lastKnownFileType = text.plist.xml; path = Info.plist; sourceTree = "<group>"; };
		EBC47FEB1A79CEF1006D4AB3 /* ____Tests.m */ = {isa = PBXFileReference; lastKnownFileType = sourcecode.c.objc; path = "____Tests.m"; sourceTree = "<group>"; };
		EBC47FF51A79CF10006D4AB3 /* LHObject.h */ = {isa = PBXFileReference; fileEncoding = 4; lastKnownFileType = sourcecode.c.h; path = LHObject.h; sourceTree = "<group>"; };
		EBC47FF61A79CF10006D4AB3 /* LHObject.m */ = {isa = PBXFileReference; fileEncoding = 4; lastKnownFileType = sourcecode.c.objc; path = LHObject.m; sourceTree = "<group>"; };
/* End PBXFileReference section */

/* Begin PBXFrameworksBuildPhase section */
		EBC47FC91A79CEF1006D4AB3 /* Frameworks */ = {
			isa = PBXFrameworksBuildPhase;
			buildActionMask = 2147483647;
			files = (
			);
			runOnlyForDeploymentPostprocessing = 0;
		};
		EBC47FE21A79CEF1006D4AB3 /* Frameworks */ = {
			isa = PBXFrameworksBuildPhase;
			buildActionMask = 2147483647;
			files = (
			);
			runOnlyForDeploymentPostprocessing = 0;
		};
/* End PBXFrameworksBuildPhase section */

/* Begin PBXGroup section */
		EBC47FC31A79CEF1006D4AB3 = {
			isa = PBXGroup;
			children = (
				EBC47FCE1A79CEF1006D4AB3 /* 单例模式 */,
				EBC47FE81A79CEF1006D4AB3 /* 单例模式Tests */,
				EBC47FCD1A79CEF1006D4AB3 /* Products */,
			);
			sourceTree = "<group>";
		};
		EBC47FCD1A79CEF1006D4AB3 /* Products */ = {
			isa = PBXGroup;
			children = (
				EBC47FCC1A79CEF1006D4AB3 /* 单例模式.app */,
				EBC47FE51A79CEF1006D4AB3 /* 单例模式Tests.xctest */,
			);
			name = Products;
			sourceTree = "<group>";
		};
		EBC47FCE1A79CEF1006D4AB3 /* 单例模式 */ = {
			isa = PBXGroup;
			children = (
				EBC47FD31A79CEF1006D4AB3 /* AppDelegate.h */,
				EBC47FD41A79CEF1006D4AB3 /* AppDelegate.m */,
				EBC47FD61A79CEF1006D4AB3 /* ViewController.h */,
				EBC47FD71A79CEF1006D4AB3 /* ViewController.m */,
				EBC47FD91A79CEF1006D4AB3 /* Main.storyboard */,
				EBC47FDC1A79CEF1006D4AB3 /* Images.xcassets */,
				EBC47FDE1A79CEF1006D4AB3 /* LaunchScreen.xib */,
				EBC47FCF1A79CEF1006D4AB3 /* Supporting Files */,
				EBC47FF51A79CF10006D4AB3 /* LHObject.h */,
				EBC47FF61A79CF10006D4AB3 /* LHObject.m */,
			);
			path = "单例模式";
			sourceTree = "<group>";
		};
		EBC47FCF1A79CEF1006D4AB3 /* Supporting Files */ = {
			isa = PBXGroup;
			children = (
				EBC47FD01A79CEF1006D4AB3 /* Info.plist */,
				EBC47FD11A79CEF1006D4AB3 /* main.m */,
			);
			name = "Supporting Files";
			sourceTree = "<group>";
		};
		EBC47FE81A79CEF1006D4AB3 /* 单例模式Tests */ = {
			isa = PBXGroup;
			children = (
				EBC47FEB1A79CEF1006D4AB3 /* ____Tests.m */,
				EBC47FE91A79CEF1006D4AB3 /* Supporting Files */,
			);
			path = "单例模式Tests";
			sourceTree = "<group>";
		};
		EBC47FE91A79CEF1006D4AB3 /* Supporting Files */ = {
			isa = PBXGroup;
			children = (
				EBC47FEA1A79CEF1006D4AB3 /* Info.plist */,
			);
			name = "Supporting Files";
			sourceTree = "<group>";
		};
/* End PBXGroup section */

/* Begin PBXNativeTarget section */
		EBC47FCB1A79CEF1006D4AB3 /* 单例模式 */ = {
			isa = PBXNativeTarget;
			buildConfigurationList = EBC47FEF1A79CEF1006D4AB3 /* Build configuration list for PBXNativeTarget "单例模式" */;
			buildPhases = (
				EBC47FC81A79CEF1006D4AB3 /* Sources */,
				EBC47FC91A79CEF1006D4AB3 /* Frameworks */,
				EBC47FCA1A79CEF1006D4AB3 /* Resources */,
			);
			buildRules = (
			);
			dependencies = (
			);
			name = "单例模式";
			productName = "单例模式";
			productReference = EBC47FCC1A79CEF1006D4AB3 /* 单例模式.app */;
			productType = "com.apple.product-type.application";
		};
		EBC47FE41A79CEF1006D4AB3 /* 单例模式Tests */ = {
			isa = PBXNativeTarget;
			buildConfigurationList = EBC47FF21A79CEF1006D4AB3 /* Build configuration list for PBXNativeTarget "单例模式Tests" */;
			buildPhases = (
				EBC47FE11A79CEF1006D4AB3 /* Sources */,
				EBC47FE21A79CEF1006D4AB3 /* Frameworks */,
				EBC47FE31A79CEF1006D4AB3 /* Resources */,
			);
			buildRules = (
			);
			dependencies = (
				EBC47FE71A79CEF1006D4AB3 /* PBXTargetDependency */,
			);
			name = "单例模式Tests";
			productName = "单例模式Tests";
			productReference = EBC47FE51A79CEF1006D4AB3 /* 单例模式Tests.xctest */;
			productType = "com.apple.product-type.bundle.unit-test";
		};
/* End PBXNativeTarget section */

/* Begin PBXProject section */
		EBC47FC41A79CEF1006D4AB3 /* Project object */ = {
			isa = PBXProject;
			attributes = {
				LastUpgradeCheck = 0610;
				ORGANIZATIONNAME = lh;
				TargetAttributes = {
					EBC47FCB1A79CEF1006D4AB3 = {
						CreatedOnToolsVersion = 6.1.1;
					};
					EBC47FE41A79CEF1006D4AB3 = {
						CreatedOnToolsVersion = 6.1.1;
						TestTargetID = EBC47FCB1A79CEF1006D4AB3;
					};
				};
			};
			buildConfigurationList = EBC47FC71A79CEF1006D4AB3 /* Build configuration list for PBXProject "单例模式" */;
			compatibilityVersion = "Xcode 3.2";
			developmentRegion = English;
			hasScannedForEncodings = 0;
			knownRegions = (
				en,
				Base,
			);
			mainGroup = EBC47FC31A79CEF1006D4AB3;
			productRefGroup = EBC47FCD1A79CEF1006D4AB3 /* Products */;
			projectDirPath = "";
			projectRoot = "";
			targets = (
				EBC47FCB1A79CEF1006D4AB3 /* 单例模式 */,
				EBC47FE41A79CEF1006D4AB3 /* 单例模式Tests */,
			);
		};
/* End PBXProject section */

/* Begin PBXResourcesBuildPhase section */
		EBC47FCA1A79CEF1006D4AB3 /* Resources */ = {
			isa = PBXResourcesBuildPhase;
			buildActionMask = 2147483647;
			files = (
				EBC47FDB1A79CEF1006D4AB3 /* Main.storyboard in Resources */,
				EBC47FE01A79CEF1006D4AB3 /* LaunchScreen.xib in Resources */,
				EBC47FDD1A79CEF1006D4AB3 /* Images.xcassets in Resources */,
			);
			runOnlyForDeploymentPostprocessing = 0;
		};
		EBC47FE31A79CEF1006D4AB3 /* Resources */ = {
			isa = PBXResourcesBuildPhase;
			buildActionMask = 2147483647;
			files = (
			);
			runOnlyForDeploymentPostprocessing = 0;
		};
/* End PBXResourcesBuildPhase section */

/* Begin PBXSourcesBuildPhase section */
		EBC47FC81A79CEF1006D4AB3 /* Sources */ = {
			isa = PBXSourcesBuildPhase;
			buildActionMask = 2147483647;
			files = (
				EBC47FF71A79CF10006D4AB3 /* LHObject.m in Sources */,
				EBC47FD81A79CEF1006D4AB3 /* ViewController.m in Sources */,
				EBC47FD51A79CEF1006D4AB3 /* AppDelegate.m in Sources */,
				EBC47FD21A79CEF1006D4AB3 /* main.m in Sources */,
			);
			runOnlyForDeploymentPostprocessing = 0;
		};
		EBC47FE11A79CEF1006D4AB3 /* Sources */ = {
			isa = PBXSourcesBuildPhase;
			buildActionMask = 2147483647;
			files = (
				EBC47FEC1A79CEF1006D4AB3 /* ____Tests.m in Sources */,
			);
			runOnlyForDeploymentPostprocessing = 0;
		};
/* End PBXSourcesBuildPhase section */

/* Begin PBXTargetDependency section */
		EBC47FE71A79CEF1006D4AB3 /* PBXTargetDependency */ = {
			isa = PBXTargetDependency;
			target = EBC47FCB1A79CEF1006D4AB3 /* 单例模式 */;
			targetProxy = EBC47FE61A79CEF1006D4AB3 /* PBXContainerItemProxy */;
		};
/* End PBXTargetDependency section */

/* Begin PBXVariantGroup section */
		EBC47FD91A79CEF1006D4AB3 /* Main.storyboard */ = {
			isa = PBXVariantGroup;
			children = (
				EBC47FDA1A79CEF1006D4AB3 /* Base */,
			);
			name = Main.storyboard;
			sourceTree = "<group>";
		};
		EBC47FDE1A79CEF1006D4AB3 /* LaunchScreen.xib */ = {
			isa = PBXVariantGroup;
			children = (
				EBC47FDF1A79CEF1006D4AB3 /* Base */,
			);
			name = LaunchScreen.xib;
			sourceTree = "<group>";
		};
/* End PBXVariantGroup section */

/* Begin XCBuildConfiguration section */
		EBC47FED1A79CEF1006D4AB3 /* Debug */ = {
			isa = XCBuildConfiguration;
			buildSettings = {
				ALWAYS_SEARCH_USER_PATHS = NO;
				CLANG_CXX_LANGUAGE_STANDARD = "gnu++0x";
				CLANG_CXX_LIBRARY = "libc++";
				CLANG_ENABLE_MODULES = YES;
				CLANG_ENABLE_OBJC_ARC = YES;
				CLANG_WARN_BOOL_CONVERSION = YES;
				CLANG_WARN_CONSTANT_CONVERSION = YES;
				CLANG_WARN_DIRECT_OBJC_ISA_USAGE = YES_ERROR;
				CLANG_WARN_EMPTY_BODY = YES;
				CLANG_WARN_ENUM_CONVERSION = YES;
				CLANG_WARN_INT_CONVERSION = YES;
				CLANG_WARN_OBJC_ROOT_CLASS = YES_ERROR;
				CLANG_WARN_UNREACHABLE_CODE = YES;
				CLANG_WARN__DUPLICATE_METHOD_MATCH = YES;
				"CODE_SIGN_IDENTITY[sdk=iphoneos*]" = "iPhone Developer";
				COPY_PHASE_STRIP = NO;
				ENABLE_STRICT_OBJC_MSGSEND = YES;
				GCC_C_LANGUAGE_STANDARD = gnu99;
				GCC_DYNAMIC_NO_PIC = NO;
				GCC_OPTIMIZATION_LEVEL = 0;
				GCC_PREPROCESSOR_DEFINITIONS = (
					"DEBUG=1",
					"$(inherited)",
				);
				GCC_SYMBOLS_PRIVATE_EXTERN = NO;
				GCC_WARN_64_TO_32_BIT_CONVERSION = YES;
				GCC_WARN_ABOUT_RETURN_TYPE = YES_ERROR;
				GCC_WARN_UNDECLARED_SELECTOR = YES;
				GCC_WARN_UNINITIALIZED_AUTOS = YES_AGGRESSIVE;
				GCC_WARN_UNUSED_FUNCTION = YES;
				GCC_WARN_UNUSED_VARIABLE = YES;
				IPHONEOS_DEPLOYMENT_TARGET = 8.1;
				MTL_ENABLE_DEBUG_INFO = YES;
				ONLY_ACTIVE_ARCH = YES;
				SDKROOT = iphoneos;
				TARGETED_DEVICE_FAMILY = "1,2";
			};
			name = Debug;
		};
		EBC47FEE1A79CEF1006D4AB3 /* Release */ = {
			isa = XCBuildConfiguration;
			buildSettings = {
				ALWAYS_SEARCH_USER_PATHS = NO;
				CLANG_CXX_LANGUAGE_STANDARD = "gnu++0x";
				CLANG_CXX_LIBRARY = "libc++";
				CLANG_ENABLE_MODULES = YES;
				CLANG_ENABLE_OBJC_ARC = YES;
				CLANG_WARN_BOOL_CONVERSION = YES;
				CLANG_WARN_CONSTANT_CONVERSION = YES;
				CLANG_WARN_DIRECT_OBJC_ISA_USAGE = YES_ERROR;
				CLANG_WARN_EMPTY_BODY = YES;
				CLANG_WARN_ENUM_CONVERSION = YES;
				CLANG_WARN_INT_CONVERSION = YES;
				CLANG_WARN_OBJC_ROOT_CLASS = YES_ERROR;
				CLANG_WARN_UNREACHABLE_CODE = YES;
				CLANG_WARN__DUPLICATE_METHOD_MATCH = YES;
				"CODE_SIGN_IDENTITY[sdk=iphoneos*]" = "iPhone Developer";
				COPY_PHASE_STRIP = YES;
				ENABLE_NS_ASSERTIONS = NO;
				ENABLE_STRICT_OBJC_MSGSEND = YES;
				GCC_C_LANGUAGE_STANDARD = gnu99;
				GCC_WARN_64_TO_32_BIT_CONVERSION = YES;
				GCC_WARN_ABOUT_RETURN_TYPE = YES_ERROR;
				GCC_WARN_UNDECLARED_SELECTOR = YES;
				GCC_WARN_UNINITIALIZED_AUTOS = YES_AGGRESSIVE;
				GCC_WARN_UNUSED_FUNCTION = YES;
				GCC_WARN_UNUSED_VARIABLE = YES;
				IPHONEOS_DEPLOYMENT_TARGET = 8.1;
				MTL_ENABLE_DEBUG_INFO = NO;
				SDKROOT = iphoneos;
				TARGETED_DEVICE_FAMILY = "1,2";
				VALIDATE_PRODUCT = YES;
			};
			name = Release;
		};
		EBC47FF01A79CEF1006D4AB3 /* Debug */ = {
			isa = XCBuildConfiguration;
			buildSettings = {
				ASSETCATALOG_COMPILER_APPICON_NAME = AppIcon;
				INFOPLIST_FILE = "单例模式/Info.plist";
				LD_RUNPATH_SEARCH_PATHS = "$(inherited) @executable_path/Frameworks";
				PRODUCT_NAME = "$(TARGET_NAME)";
			};
			name = Debug;
		};
		EBC47FF11A79CEF1006D4AB3 /* Release */ = {
			isa = XCBuildConfiguration;
			buildSettings = {
				ASSETCATALOG_COMPILER_APPICON_NAME = AppIcon;
				INFOPLIST_FILE = "单例模式/Info.plist";
				LD_RUNPATH_SEARCH_PATHS = "$(inherited) @executable_path/Frameworks";
				PRODUCT_NAME = "$(TARGET_NAME)";
			};
			name = Release;
		};
		EBC47FF31A79CEF1006D4AB3 /* Debug */ = {
			isa = XCBuildConfiguration;
			buildSettings = {
				BUNDLE_LOADER = "$(TEST_HOST)";
				FRAMEWORK_SEARCH_PATHS = (
					"$(SDKROOT)/Developer/Library/Frameworks",
					"$(inherited)",
				);
				GCC_PREPROCESSOR_DEFINITIONS = (
					"DEBUG=1",
					"$(inherited)",
				);
				INFOPLIST_FILE = "单例模式Tests/Info.plist";
				LD_RUNPATH_SEARCH_PATHS = "$(inherited) @executable_path/Frameworks @loader_path/Frameworks";
				PRODUCT_NAME = "$(TARGET_NAME)";
				TEST_HOST = "$(BUILT_PRODUCTS_DIR)/单例模式.app/单例模式";
			};
			name = Debug;
		};
		EBC47FF41A79CEF1006D4AB3 /* Release */ = {
			isa = XCBuildConfiguration;
			buildSettings = {
				BUNDLE_LOADER = "$(TEST_HOST)";
				FRAMEWORK_SEARCH_PATHS = (
					"$(SDKROOT)/Developer/Library/Frameworks",
					"$(inherited)",
				);
				INFOPLIST_FILE = "单例模式Tests/Info.plist";
				LD_RUNPATH_SEARCH_PATHS = "$(inherited) @executable_path/Frameworks @loader_path/Frameworks";
				PRODUCT_NAME = "$(TARGET_NAME)";
				TEST_HOST = "$(BUILT_PRODUCTS_DIR)/单例模式.app/单例模式";
			};
			name = Release;
		};
/* End XCBuildConfiguration section */

/* Begin XCConfigurationList section */
		EBC47FC71A79CEF1006D4AB3 /* Build configuration list for PBXProject "单例模式" */ = {
			isa = XCConfigurationList;
			buildConfigurations = (
				EBC47FED1A79CEF1006D4AB3 /* Debug */,
				EBC47FEE1A79CEF1006D4AB3 /* Release */,
			);
			defaultConfigurationIsVisible = 0;
			defaultConfigurationName = Release;
		};
		EBC47FEF1A79CEF1006D4AB3 /* Build configuration list for PBXNativeTarget "单例模式" */ = {
			isa = XCConfigurationList;
			buildConfigurations = (
				EBC47FF01A79CEF1006D4AB3 /* Debug */,
				EBC47FF11A79CEF1006D4AB3 /* Release */,
			);
			defaultConfigurationIsVisible = 0;
		};
		EBC47FF21A79CEF1006D4AB3 /* Build configuration list for PBXNativeTarget "单例模式Tests" */ = {
			isa = XCConfigurationList;
			buildConfigurations = (
				EBC47FF31A79CEF1006D4AB3 /* Debug */,
				EBC47FF41A79CEF1006D4AB3 /* Release */,
			);
			defaultConfigurationIsVisible = 0;
		};
/* End XCConfigurationList section */
	};
	rootObject = EBC47FC41A79CEF1006D4AB3 /* Project object */;
}
