// !$*UTF8*$!
{
	archiveVersion = 1;
	classes = {
	};
	objectVersion = 46;
	objects = {

/* Begin PBXBuildFile section */
		EBC47E021A7613CF006D4AB3 /* main.m in Sources */ = {isa = PBXBuildFile; fileRef = EBC47E011A7613CF006D4AB3 /* main.m */; };
		EBC47E051A7613CF006D4AB3 /* AppDelegate.m in Sources */ = {isa = PBXBuildFile; fileRef = EBC47E041A7613CF006D4AB3 /* AppDelegate.m */; };
		EBC47E081A7613CF006D4AB3 /* ViewController.m in Sources */ = {isa = PBXBuildFile; fileRef = EBC47E071A7613CF006D4AB3 /* ViewController.m */; };
		EBC47E0B1A7613CF006D4AB3 /* Main.storyboard in Resources */ = {isa = PBXBuildFile; fileRef = EBC47E091A7613CF006D4AB3 /* Main.storyboard */; };
		EBC47E0D1A7613CF006D4AB3 /* Images.xcassets in Resources */ = {isa = PBXBuildFile; fileRef = EBC47E0C1A7613CF006D4AB3 /* Images.xcassets */; };
		EBC47E101A7613CF006D4AB3 /* LaunchScreen.xib in Resources */ = {isa = PBXBuildFile; fileRef = EBC47E0E1A7613CF006D4AB3 /* LaunchScreen.xib */; };
		EBC47E1C1A7613CF006D4AB3 /* ____Tests.m in Sources */ = {isa = PBXBuildFile; fileRef = EBC47E1B1A7613CF006D4AB3 /* ____Tests.m */; };
/* End PBXBuildFile section */

/* Begin PBXContainerItemProxy section */
		EBC47E161A7613CF006D4AB3 /* PBXContainerItemProxy */ = {
			isa = PBXContainerItemProxy;
			containerPortal = EBC47DF41A7613CF006D4AB3 /* Project object */;
			proxyType = 1;
			remoteGlobalIDString = EBC47DFB1A7613CF006D4AB3;
			remoteInfo = "手势解锁";
		};
/* End PBXContainerItemProxy section */

/* Begin PBXFileReference section */
		EBC47DFC1A7613CF006D4AB3 /* 手势解锁.app */ = {isa = PBXFileReference; explicitFileType = wrapper.application; includeInIndex = 0; path = "手势解锁.app"; sourceTree = BUILT_PRODUCTS_DIR; };
		EBC47E001A7613CF006D4AB3 /* Info.plist */ = {isa = PBXFileReference; lastKnownFileType = text.plist.xml; path = Info.plist; sourceTree = "<group>"; };
		EBC47E011A7613CF006D4AB3 /* main.m */ = {isa = PBXFileReference; lastKnownFileType = sourcecode.c.objc; path = main.m; sourceTree = "<group>"; };
		EBC47E031A7613CF006D4AB3 /* AppDelegate.h */ = {isa = PBXFileReference; lastKnownFileType = sourcecode.c.h; path = AppDelegate.h; sourceTree = "<group>"; };
		EBC47E041A7613CF006D4AB3 /* AppDelegate.m */ = {isa = PBXFileReference; lastKnownFileType = sourcecode.c.objc; path = AppDelegate.m; sourceTree = "<group>"; };
		EBC47E061A7613CF006D4AB3 /* ViewController.h */ = {isa = PBXFileReference; lastKnownFileType = sourcecode.c.h; path = ViewController.h; sourceTree = "<group>"; };
		EBC47E071A7613CF006D4AB3 /* ViewController.m */ = {isa = PBXFileReference; lastKnownFileType = sourcecode.c.objc; path = ViewController.m; sourceTree = "<group>"; };
		EBC47E0A1A7613CF006D4AB3 /* Base */ = {isa = PBXFileReference; lastKnownFileType = file.storyboard; name = Base; path = Base.lproj/Main.storyboard; sourceTree = "<group>"; };
		EBC47E0C1A7613CF006D4AB3 /* Images.xcassets */ = {isa = PBXFileReference; lastKnownFileType = folder.assetcatalog; path = Images.xcassets; sourceTree = "<group>"; };
		EBC47E0F1A7613CF006D4AB3 /* Base */ = {isa = PBXFileReference; lastKnownFileType = file.xib; name = Base; path = Base.lproj/LaunchScreen.xib; sourceTree = "<group>"; };
		EBC47E151A7613CF006D4AB3 /* 手势解锁Tests.xctest */ = {isa = PBXFileReference; explicitFileType = wrapper.cfbundle; includeInIndex = 0; path = "手势解锁Tests.xctest"; sourceTree = BUILT_PRODUCTS_DIR; };
		EBC47E1A1A7613CF006D4AB3 /* Info.plist */ = {isa = PBXFileReference; lastKnownFileType = text.plist.xml; path = Info.plist; sourceTree = "<group>"; };
		EBC47E1B1A7613CF006D4AB3 /* ____Tests.m */ = {isa = PBXFileReference; lastKnownFileType = sourcecode.c.objc; path = "____Tests.m"; sourceTree = "<group>"; };
/* End PBXFileReference section */

/* Begin PBXFrameworksBuildPhase section */
		EBC47DF91A7613CF006D4AB3 /* Frameworks */ = {
			isa = PBXFrameworksBuildPhase;
			buildActionMask = 2147483647;
			files = (
			);
			runOnlyForDeploymentPostprocessing = 0;
		};
		EBC47E121A7613CF006D4AB3 /* Frameworks */ = {
			isa = PBXFrameworksBuildPhase;
			buildActionMask = 2147483647;
			files = (
			);
			runOnlyForDeploymentPostprocessing = 0;
		};
/* End PBXFrameworksBuildPhase section */

/* Begin PBXGroup section */
		EBC47DF31A7613CF006D4AB3 = {
			isa = PBXGroup;
			children = (
				EBC47DFE1A7613CF006D4AB3 /* 手势解锁 */,
				EBC47E181A7613CF006D4AB3 /* 手势解锁Tests */,
				EBC47DFD1A7613CF006D4AB3 /* Products */,
			);
			sourceTree = "<group>";
		};
		EBC47DFD1A7613CF006D4AB3 /* Products */ = {
			isa = PBXGroup;
			children = (
				EBC47DFC1A7613CF006D4AB3 /* 手势解锁.app */,
				EBC47E151A7613CF006D4AB3 /* 手势解锁Tests.xctest */,
			);
			name = Products;
			sourceTree = "<group>";
		};
		EBC47DFE1A7613CF006D4AB3 /* 手势解锁 */ = {
			isa = PBXGroup;
			children = (
				EBC47E031A7613CF006D4AB3 /* AppDelegate.h */,
				EBC47E041A7613CF006D4AB3 /* AppDelegate.m */,
				EBC47E061A7613CF006D4AB3 /* ViewController.h */,
				EBC47E071A7613CF006D4AB3 /* ViewController.m */,
				EBC47E091A7613CF006D4AB3 /* Main.storyboard */,
				EBC47E0C1A7613CF006D4AB3 /* Images.xcassets */,
				EBC47E0E1A7613CF006D4AB3 /* LaunchScreen.xib */,
				EBC47DFF1A7613CF006D4AB3 /* Supporting Files */,
			);
			path = "手势解锁";
			sourceTree = "<group>";
		};
		EBC47DFF1A7613CF006D4AB3 /* Supporting Files */ = {
			isa = PBXGroup;
			children = (
				EBC47E001A7613CF006D4AB3 /* Info.plist */,
				EBC47E011A7613CF006D4AB3 /* main.m */,
			);
			name = "Supporting Files";
			sourceTree = "<group>";
		};
		EBC47E181A7613CF006D4AB3 /* 手势解锁Tests */ = {
			isa = PBXGroup;
			children = (
				EBC47E1B1A7613CF006D4AB3 /* ____Tests.m */,
				EBC47E191A7613CF006D4AB3 /* Supporting Files */,
			);
			path = "手势解锁Tests";
			sourceTree = "<group>";
		};
		EBC47E191A7613CF006D4AB3 /* Supporting Files */ = {
			isa = PBXGroup;
			children = (
				EBC47E1A1A7613CF006D4AB3 /* Info.plist */,
			);
			name = "Supporting Files";
			sourceTree = "<group>";
		};
/* End PBXGroup section */

/* Begin PBXNativeTarget section */
		EBC47DFB1A7613CF006D4AB3 /* 手势解锁 */ = {
			isa = PBXNativeTarget;
			buildConfigurationList = EBC47E1F1A7613CF006D4AB3 /* Build configuration list for PBXNativeTarget "手势解锁" */;
			buildPhases = (
				EBC47DF81A7613CF006D4AB3 /* Sources */,
				EBC47DF91A7613CF006D4AB3 /* Frameworks */,
				EBC47DFA1A7613CF006D4AB3 /* Resources */,
			);
			buildRules = (
			);
			dependencies = (
			);
			name = "手势解锁";
			productName = "手势解锁";
			productReference = EBC47DFC1A7613CF006D4AB3 /* 手势解锁.app */;
			productType = "com.apple.product-type.application";
		};
		EBC47E141A7613CF006D4AB3 /* 手势解锁Tests */ = {
			isa = PBXNativeTarget;
			buildConfigurationList = EBC47E221A7613CF006D4AB3 /* Build configuration list for PBXNativeTarget "手势解锁Tests" */;
			buildPhases = (
				EBC47E111A7613CF006D4AB3 /* Sources */,
				EBC47E121A7613CF006D4AB3 /* Frameworks */,
				EBC47E131A7613CF006D4AB3 /* Resources */,
			);
			buildRules = (
			);
			dependencies = (
				EBC47E171A7613CF006D4AB3 /* PBXTargetDependency */,
			);
			name = "手势解锁Tests";
			productName = "手势解锁Tests";
			productReference = EBC47E151A7613CF006D4AB3 /* 手势解锁Tests.xctest */;
			productType = "com.apple.product-type.bundle.unit-test";
		};
/* End PBXNativeTarget section */

/* Begin PBXProject section */
		EBC47DF41A7613CF006D4AB3 /* Project object */ = {
			isa = PBXProject;
			attributes = {
				LastUpgradeCheck = 0610;
				ORGANIZATIONNAME = lh;
				TargetAttributes = {
					EBC47DFB1A7613CF006D4AB3 = {
						CreatedOnToolsVersion = 6.1.1;
					};
					EBC47E141A7613CF006D4AB3 = {
						CreatedOnToolsVersion = 6.1.1;
						TestTargetID = EBC47DFB1A7613CF006D4AB3;
					};
				};
			};
			buildConfigurationList = EBC47DF71A7613CF006D4AB3 /* Build configuration list for PBXProject "手势解锁" */;
			compatibilityVersion = "Xcode 3.2";
			developmentRegion = English;
			hasScannedForEncodings = 0;
			knownRegions = (
				en,
				Base,
			);
			mainGroup = EBC47DF31A7613CF006D4AB3;
			productRefGroup = EBC47DFD1A7613CF006D4AB3 /* Products */;
			projectDirPath = "";
			projectRoot = "";
			targets = (
				EBC47DFB1A7613CF006D4AB3 /* 手势解锁 */,
				EBC47E141A7613CF006D4AB3 /* 手势解锁Tests */,
			);
		};
/* End PBXProject section */

/* Begin PBXResourcesBuildPhase section */
		EBC47DFA1A7613CF006D4AB3 /* Resources */ = {
			isa = PBXResourcesBuildPhase;
			buildActionMask = 2147483647;
			files = (
				EBC47E0B1A7613CF006D4AB3 /* Main.storyboard in Resources */,
				EBC47E101A7613CF006D4AB3 /* LaunchScreen.xib in Resources */,
				EBC47E0D1A7613CF006D4AB3 /* Images.xcassets in Resources */,
			);
			runOnlyForDeploymentPostprocessing = 0;
		};
		EBC47E131A7613CF006D4AB3 /* Resources */ = {
			isa = PBXResourcesBuildPhase;
			buildActionMask = 2147483647;
			files = (
			);
			runOnlyForDeploymentPostprocessing = 0;
		};
/* End PBXResourcesBuildPhase section */

/* Begin PBXSourcesBuildPhase section */
		EBC47DF81A7613CF006D4AB3 /* Sources */ = {
			isa = PBXSourcesBuildPhase;
			buildActionMask = 2147483647;
			files = (
				EBC47E081A7613CF006D4AB3 /* ViewController.m in Sources */,
				EBC47E051A7613CF006D4AB3 /* AppDelegate.m in Sources */,
				EBC47E021A7613CF006D4AB3 /* main.m in Sources */,
			);
			runOnlyForDeploymentPostprocessing = 0;
		};
		EBC47E111A7613CF006D4AB3 /* Sources */ = {
			isa = PBXSourcesBuildPhase;
			buildActionMask = 2147483647;
			files = (
				EBC47E1C1A7613CF006D4AB3 /* ____Tests.m in Sources */,
			);
			runOnlyForDeploymentPostprocessing = 0;
		};
/* End PBXSourcesBuildPhase section */

/* Begin PBXTargetDependency section */
		EBC47E171A7613CF006D4AB3 /* PBXTargetDependency */ = {
			isa = PBXTargetDependency;
			target = EBC47DFB1A7613CF006D4AB3 /* 手势解锁 */;
			targetProxy = EBC47E161A7613CF006D4AB3 /* PBXContainerItemProxy */;
		};
/* End PBXTargetDependency section */

/* Begin PBXVariantGroup section */
		EBC47E091A7613CF006D4AB3 /* Main.storyboard */ = {
			isa = PBXVariantGroup;
			children = (
				EBC47E0A1A7613CF006D4AB3 /* Base */,
			);
			name = Main.storyboard;
			sourceTree = "<group>";
		};
		EBC47E0E1A7613CF006D4AB3 /* LaunchScreen.xib */ = {
			isa = PBXVariantGroup;
			children = (
				EBC47E0F1A7613CF006D4AB3 /* Base */,
			);
			name = LaunchScreen.xib;
			sourceTree = "<group>";
		};
/* End PBXVariantGroup section */

/* Begin XCBuildConfiguration section */
		EBC47E1D1A7613CF006D4AB3 /* Debug */ = {
			isa = XCBuildConfiguration;
			buildSettings = {
				ALWAYS_SEARCH_USER_PATHS = NO;
				CLANG_CXX_LANGUAGE_STANDARD = "gnu++0x";
				CLANG_CXX_LIBRARY = "libc++";
				CLANG_ENABLE_MODULES = YES;
				CLANG_ENABLE_OBJC_ARC = YES;
				CLANG_WARN_BOOL_CONVERSION = YES;
				CLANG_WARN_CONSTANT_CONVERSION = YES;
				CLANG_WARN_DIRECT_OBJC_ISA_USAGE = YES_ERROR;
				CLANG_WARN_EMPTY_BODY = YES;
				CLANG_WARN_ENUM_CONVERSION = YES;
				CLANG_WARN_INT_CONVERSION = YES;
				CLANG_WARN_OBJC_ROOT_CLASS = YES_ERROR;
				CLANG_WARN_UNREACHABLE_CODE = YES;
				CLANG_WARN__DUPLICATE_METHOD_MATCH = YES;
				"CODE_SIGN_IDENTITY[sdk=iphoneos*]" = "iPhone Developer";
				COPY_PHASE_STRIP = NO;
				ENABLE_STRICT_OBJC_MSGSEND = YES;
				GCC_C_LANGUAGE_STANDARD = gnu99;
				GCC_DYNAMIC_NO_PIC = NO;
				GCC_OPTIMIZATION_LEVEL = 0;
				GCC_PREPROCESSOR_DEFINITIONS = (
					"DEBUG=1",
					"$(inherited)",
				);
				GCC_SYMBOLS_PRIVATE_EXTERN = NO;
				GCC_WARN_64_TO_32_BIT_CONVERSION = YES;
				GCC_WARN_ABOUT_RETURN_TYPE = YES_ERROR;
				GCC_WARN_UNDECLARED_SELECTOR = YES;
				GCC_WARN_UNINITIALIZED_AUTOS = YES_AGGRESSIVE;
				GCC_WARN_UNUSED_FUNCTION = YES;
				GCC_WARN_UNUSED_VARIABLE = YES;
				IPHONEOS_DEPLOYMENT_TARGET = 8.1;
				MTL_ENABLE_DEBUG_INFO = YES;
				ONLY_ACTIVE_ARCH = YES;
				SDKROOT = iphoneos;
			};
			name = Debug;
		};
		EBC47E1E1A7613CF006D4AB3 /* Release */ = {
			isa = XCBuildConfiguration;
			buildSettings = {
				ALWAYS_SEARCH_USER_PATHS = NO;
				CLANG_CXX_LANGUAGE_STANDARD = "gnu++0x";
				CLANG_CXX_LIBRARY = "libc++";
				CLANG_ENABLE_MODULES = YES;
				CLANG_ENABLE_OBJC_ARC = YES;
				CLANG_WARN_BOOL_CONVERSION = YES;
				CLANG_WARN_CONSTANT_CONVERSION = YES;
				CLANG_WARN_DIRECT_OBJC_ISA_USAGE = YES_ERROR;
				CLANG_WARN_EMPTY_BODY = YES;
				CLANG_WARN_ENUM_CONVERSION = YES;
				CLANG_WARN_INT_CONVERSION = YES;
				CLANG_WARN_OBJC_ROOT_CLASS = YES_ERROR;
				CLANG_WARN_UNREACHABLE_CODE = YES;
				CLANG_WARN__DUPLICATE_METHOD_MATCH = YES;
				"CODE_SIGN_IDENTITY[sdk=iphoneos*]" = "iPhone Developer";
				COPY_PHASE_STRIP = YES;
				ENABLE_NS_ASSERTIONS = NO;
				ENABLE_STRICT_OBJC_MSGSEND = YES;
				GCC_C_LANGUAGE_STANDARD = gnu99;
				GCC_WARN_64_TO_32_BIT_CONVERSION = YES;
				GCC_WARN_ABOUT_RETURN_TYPE = YES_ERROR;
				GCC_WARN_UNDECLARED_SELECTOR = YES;
				GCC_WARN_UNINITIALIZED_AUTOS = YES_AGGRESSIVE;
				GCC_WARN_UNUSED_FUNCTION = YES;
				GCC_WARN_UNUSED_VARIABLE = YES;
				IPHONEOS_DEPLOYMENT_TARGET = 8.1;
				MTL_ENABLE_DEBUG_INFO = NO;
				SDKROOT = iphoneos;
				VALIDATE_PRODUCT = YES;
			};
			name = Release;
		};
		EBC47E201A7613CF006D4AB3 /* Debug */ = {
			isa = XCBuildConfiguration;
			buildSettings = {
				ASSETCATALOG_COMPILER_APPICON_NAME = AppIcon;
				INFOPLIST_FILE = "手势解锁/Info.plist";
				LD_RUNPATH_SEARCH_PATHS = "$(inherited) @executable_path/Frameworks";
				PRODUCT_NAME = "$(TARGET_NAME)";
			};
			name = Debug;
		};
		EBC47E211A7613CF006D4AB3 /* Release */ = {
			isa = XCBuildConfiguration;
			buildSettings = {
				ASSETCATALOG_COMPILER_APPICON_NAME = AppIcon;
				INFOPLIST_FILE = "手势解锁/Info.plist";
				LD_RUNPATH_SEARCH_PATHS = "$(inherited) @executable_path/Frameworks";
				PRODUCT_NAME = "$(TARGET_NAME)";
			};
			name = Release;
		};
		EBC47E231A7613CF006D4AB3 /* Debug */ = {
			isa = XCBuildConfiguration;
			buildSettings = {
				BUNDLE_LOADER = "$(TEST_HOST)";
				FRAMEWORK_SEARCH_PATHS = (
					"$(SDKROOT)/Developer/Library/Frameworks",
					"$(inherited)",
				);
				GCC_PREPROCESSOR_DEFINITIONS = (
					"DEBUG=1",
					"$(inherited)",
				);
				INFOPLIST_FILE = "手势解锁Tests/Info.plist";
				LD_RUNPATH_SEARCH_PATHS = "$(inherited) @executable_path/Frameworks @loader_path/Frameworks";
				PRODUCT_NAME = "$(TARGET_NAME)";
				TEST_HOST = "$(BUILT_PRODUCTS_DIR)/手势解锁.app/手势解锁";
			};
			name = Debug;
		};
		EBC47E241A7613CF006D4AB3 /* Release */ = {
			isa = XCBuildConfiguration;
			buildSettings = {
				BUNDLE_LOADER = "$(TEST_HOST)";
				FRAMEWORK_SEARCH_PATHS = (
					"$(SDKROOT)/Developer/Library/Frameworks",
					"$(inherited)",
				);
				INFOPLIST_FILE = "手势解锁Tests/Info.plist";
				LD_RUNPATH_SEARCH_PATHS = "$(inherited) @executable_path/Frameworks @loader_path/Frameworks";
				PRODUCT_NAME = "$(TARGET_NAME)";
				TEST_HOST = "$(BUILT_PRODUCTS_DIR)/手势解锁.app/手势解锁";
			};
			name = Release;
		};
/* End XCBuildConfiguration section */

/* Begin XCConfigurationList section */
		EBC47DF71A7613CF006D4AB3 /* Build configuration list for PBXProject "手势解锁" */ = {
			isa = XCConfigurationList;
			buildConfigurations = (
				EBC47E1D1A7613CF006D4AB3 /* Debug */,
				EBC47E1E1A7613CF006D4AB3 /* Release */,
			);
			defaultConfigurationIsVisible = 0;
			defaultConfigurationName = Release;
		};
		EBC47E1F1A7613CF006D4AB3 /* Build configuration list for PBXNativeTarget "手势解锁" */ = {
			isa = XCConfigurationList;
			buildConfigurations = (
				EBC47E201A7613CF006D4AB3 /* Debug */,
				EBC47E211A7613CF006D4AB3 /* Release */,
			);
			defaultConfigurationIsVisible = 0;
		};
		EBC47E221A7613CF006D4AB3 /* Build configuration list for PBXNativeTarget "手势解锁Tests" */ = {
			isa = XCConfigurationList;
			buildConfigurations = (
				EBC47E231A7613CF006D4AB3 /* Debug */,
				EBC47E241A7613CF006D4AB3 /* Release */,
			);
			defaultConfigurationIsVisible = 0;
		};
/* End XCConfigurationList section */
	};
	rootObject = EBC47DF41A7613CF006D4AB3 /* Project object */;
}
