// !$*UTF8*$!
{
	archiveVersion = 1;
	classes = {
	};
	objectVersion = 46;
	objects = {

/* Begin PBXBuildFile section */
		EBC47F6E1A78E409006D4AB3 /* main.m in Sources */ = {isa = PBXBuildFile; fileRef = EBC47F6D1A78E409006D4AB3 /* main.m */; };
		EBC47F711A78E409006D4AB3 /* AppDelegate.m in Sources */ = {isa = PBXBuildFile; fileRef = EBC47F701A78E409006D4AB3 /* AppDelegate.m */; };
		EBC47F741A78E409006D4AB3 /* ViewController.m in Sources */ = {isa = PBXBuildFile; fileRef = EBC47F731A78E409006D4AB3 /* ViewController.m */; };
		EBC47F771A78E409006D4AB3 /* Main.storyboard in Resources */ = {isa = PBXBuildFile; fileRef = EBC47F751A78E409006D4AB3 /* Main.storyboard */; };
		EBC47F791A78E409006D4AB3 /* Images.xcassets in Resources */ = {isa = PBXBuildFile; fileRef = EBC47F781A78E409006D4AB3 /* Images.xcassets */; };
		EBC47F7C1A78E409006D4AB3 /* LaunchScreen.xib in Resources */ = {isa = PBXBuildFile; fileRef = EBC47F7A1A78E409006D4AB3 /* LaunchScreen.xib */; };
		EBC47F881A78E409006D4AB3 /* GCD__Tests.m in Sources */ = {isa = PBXBuildFile; fileRef = EBC47F871A78E409006D4AB3 /* GCD__Tests.m */; };
/* End PBXBuildFile section */

/* Begin PBXContainerItemProxy section */
		EBC47F821A78E409006D4AB3 /* PBXContainerItemProxy */ = {
			isa = PBXContainerItemProxy;
			containerPortal = EBC47F601A78E408006D4AB3 /* Project object */;
			proxyType = 1;
			remoteGlobalIDString = EBC47F671A78E408006D4AB3;
			remoteInfo = "GCD演练";
		};
/* End PBXContainerItemProxy section */

/* Begin PBXFileReference section */
		EBC47F681A78E408006D4AB3 /* GCD演练.app */ = {isa = PBXFileReference; explicitFileType = wrapper.application; includeInIndex = 0; path = "GCD演练.app"; sourceTree = BUILT_PRODUCTS_DIR; };
		EBC47F6C1A78E409006D4AB3 /* Info.plist */ = {isa = PBXFileReference; lastKnownFileType = text.plist.xml; path = Info.plist; sourceTree = "<group>"; };
		EBC47F6D1A78E409006D4AB3 /* main.m */ = {isa = PBXFileReference; lastKnownFileType = sourcecode.c.objc; path = main.m; sourceTree = "<group>"; };
		EBC47F6F1A78E409006D4AB3 /* AppDelegate.h */ = {isa = PBXFileReference; lastKnownFileType = sourcecode.c.h; path = AppDelegate.h; sourceTree = "<group>"; };
		EBC47F701A78E409006D4AB3 /* AppDelegate.m */ = {isa = PBXFileReference; lastKnownFileType = sourcecode.c.objc; path = AppDelegate.m; sourceTree = "<group>"; };
		EBC47F721A78E409006D4AB3 /* ViewController.h */ = {isa = PBXFileReference; lastKnownFileType = sourcecode.c.h; path = ViewController.h; sourceTree = "<group>"; };
		EBC47F731A78E409006D4AB3 /* ViewController.m */ = {isa = PBXFileReference; lastKnownFileType = sourcecode.c.objc; path = ViewController.m; sourceTree = "<group>"; };
		EBC47F761A78E409006D4AB3 /* Base */ = {isa = PBXFileReference; lastKnownFileType = file.storyboard; name = Base; path = Base.lproj/Main.storyboard; sourceTree = "<group>"; };
		EBC47F781A78E409006D4AB3 /* Images.xcassets */ = {isa = PBXFileReference; lastKnownFileType = folder.assetcatalog; path = Images.xcassets; sourceTree = "<group>"; };
		EBC47F7B1A78E409006D4AB3 /* Base */ = {isa = PBXFileReference; lastKnownFileType = file.xib; name = Base; path = Base.lproj/LaunchScreen.xib; sourceTree = "<group>"; };
		EBC47F811A78E409006D4AB3 /* GCD演练Tests.xctest */ = {isa = PBXFileReference; explicitFileType = wrapper.cfbundle; includeInIndex = 0; path = "GCD演练Tests.xctest"; sourceTree = BUILT_PRODUCTS_DIR; };
		EBC47F861A78E409006D4AB3 /* Info.plist */ = {isa = PBXFileReference; lastKnownFileType = text.plist.xml; path = Info.plist; sourceTree = "<group>"; };
		EBC47F871A78E409006D4AB3 /* GCD__Tests.m */ = {isa = PBXFileReference; lastKnownFileType = sourcecode.c.objc; path = GCD__Tests.m; sourceTree = "<group>"; };
/* End PBXFileReference section */

/* Begin PBXFrameworksBuildPhase section */
		EBC47F651A78E408006D4AB3 /* Frameworks */ = {
			isa = PBXFrameworksBuildPhase;
			buildActionMask = 2147483647;
			files = (
			);
			runOnlyForDeploymentPostprocessing = 0;
		};
		EBC47F7E1A78E409006D4AB3 /* Frameworks */ = {
			isa = PBXFrameworksBuildPhase;
			buildActionMask = 2147483647;
			files = (
			);
			runOnlyForDeploymentPostprocessing = 0;
		};
/* End PBXFrameworksBuildPhase section */

/* Begin PBXGroup section */
		EBC47F5F1A78E408006D4AB3 = {
			isa = PBXGroup;
			children = (
				EBC47F6A1A78E408006D4AB3 /* GCD演练 */,
				EBC47F841A78E409006D4AB3 /* GCD演练Tests */,
				EBC47F691A78E408006D4AB3 /* Products */,
			);
			sourceTree = "<group>";
		};
		EBC47F691A78E408006D4AB3 /* Products */ = {
			isa = PBXGroup;
			children = (
				EBC47F681A78E408006D4AB3 /* GCD演练.app */,
				EBC47F811A78E409006D4AB3 /* GCD演练Tests.xctest */,
			);
			name = Products;
			sourceTree = "<group>";
		};
		EBC47F6A1A78E408006D4AB3 /* GCD演练 */ = {
			isa = PBXGroup;
			children = (
				EBC47F6F1A78E409006D4AB3 /* AppDelegate.h */,
				EBC47F701A78E409006D4AB3 /* AppDelegate.m */,
				EBC47F721A78E409006D4AB3 /* ViewController.h */,
				EBC47F731A78E409006D4AB3 /* ViewController.m */,
				EBC47F751A78E409006D4AB3 /* Main.storyboard */,
				EBC47F781A78E409006D4AB3 /* Images.xcassets */,
				EBC47F7A1A78E409006D4AB3 /* LaunchScreen.xib */,
				EBC47F6B1A78E408006D4AB3 /* Supporting Files */,
			);
			path = "GCD演练";
			sourceTree = "<group>";
		};
		EBC47F6B1A78E408006D4AB3 /* Supporting Files */ = {
			isa = PBXGroup;
			children = (
				EBC47F6C1A78E409006D4AB3 /* Info.plist */,
				EBC47F6D1A78E409006D4AB3 /* main.m */,
			);
			name = "Supporting Files";
			sourceTree = "<group>";
		};
		EBC47F841A78E409006D4AB3 /* GCD演练Tests */ = {
			isa = PBXGroup;
			children = (
				EBC47F871A78E409006D4AB3 /* GCD__Tests.m */,
				EBC47F851A78E409006D4AB3 /* Supporting Files */,
			);
			path = "GCD演练Tests";
			sourceTree = "<group>";
		};
		EBC47F851A78E409006D4AB3 /* Supporting Files */ = {
			isa = PBXGroup;
			children = (
				EBC47F861A78E409006D4AB3 /* Info.plist */,
			);
			name = "Supporting Files";
			sourceTree = "<group>";
		};
/* End PBXGroup section */

/* Begin PBXNativeTarget section */
		EBC47F671A78E408006D4AB3 /* GCD演练 */ = {
			isa = PBXNativeTarget;
			buildConfigurationList = EBC47F8B1A78E409006D4AB3 /* Build configuration list for PBXNativeTarget "GCD演练" */;
			buildPhases = (
				EBC47F641A78E408006D4AB3 /* Sources */,
				EBC47F651A78E408006D4AB3 /* Frameworks */,
				EBC47F661A78E408006D4AB3 /* Resources */,
			);
			buildRules = (
			);
			dependencies = (
			);
			name = "GCD演练";
			productName = "GCD演练";
			productReference = EBC47F681A78E408006D4AB3 /* GCD演练.app */;
			productType = "com.apple.product-type.application";
		};
		EBC47F801A78E409006D4AB3 /* GCD演练Tests */ = {
			isa = PBXNativeTarget;
			buildConfigurationList = EBC47F8E1A78E409006D4AB3 /* Build configuration list for PBXNativeTarget "GCD演练Tests" */;
			buildPhases = (
				EBC47F7D1A78E409006D4AB3 /* Sources */,
				EBC47F7E1A78E409006D4AB3 /* Frameworks */,
				EBC47F7F1A78E409006D4AB3 /* Resources */,
			);
			buildRules = (
			);
			dependencies = (
				EBC47F831A78E409006D4AB3 /* PBXTargetDependency */,
			);
			name = "GCD演练Tests";
			productName = "GCD演练Tests";
			productReference = EBC47F811A78E409006D4AB3 /* GCD演练Tests.xctest */;
			productType = "com.apple.product-type.bundle.unit-test";
		};
/* End PBXNativeTarget section */

/* Begin PBXProject section */
		EBC47F601A78E408006D4AB3 /* Project object */ = {
			isa = PBXProject;
			attributes = {
				LastUpgradeCheck = 0610;
				ORGANIZATIONNAME = lh;
				TargetAttributes = {
					EBC47F671A78E408006D4AB3 = {
						CreatedOnToolsVersion = 6.1.1;
					};
					EBC47F801A78E409006D4AB3 = {
						CreatedOnToolsVersion = 6.1.1;
						TestTargetID = EBC47F671A78E408006D4AB3;
					};
				};
			};
			buildConfigurationList = EBC47F631A78E408006D4AB3 /* Build configuration list for PBXProject "GCD演练" */;
			compatibilityVersion = "Xcode 3.2";
			developmentRegion = English;
			hasScannedForEncodings = 0;
			knownRegions = (
				en,
				Base,
			);
			mainGroup = EBC47F5F1A78E408006D4AB3;
			productRefGroup = EBC47F691A78E408006D4AB3 /* Products */;
			projectDirPath = "";
			projectRoot = "";
			targets = (
				EBC47F671A78E408006D4AB3 /* GCD演练 */,
				EBC47F801A78E409006D4AB3 /* GCD演练Tests */,
			);
		};
/* End PBXProject section */

/* Begin PBXResourcesBuildPhase section */
		EBC47F661A78E408006D4AB3 /* Resources */ = {
			isa = PBXResourcesBuildPhase;
			buildActionMask = 2147483647;
			files = (
				EBC47F771A78E409006D4AB3 /* Main.storyboard in Resources */,
				EBC47F7C1A78E409006D4AB3 /* LaunchScreen.xib in Resources */,
				EBC47F791A78E409006D4AB3 /* Images.xcassets in Resources */,
			);
			runOnlyForDeploymentPostprocessing = 0;
		};
		EBC47F7F1A78E409006D4AB3 /* Resources */ = {
			isa = PBXResourcesBuildPhase;
			buildActionMask = 2147483647;
			files = (
			);
			runOnlyForDeploymentPostprocessing = 0;
		};
/* End PBXResourcesBuildPhase section */

/* Begin PBXSourcesBuildPhase section */
		EBC47F641A78E408006D4AB3 /* Sources */ = {
			isa = PBXSourcesBuildPhase;
			buildActionMask = 2147483647;
			files = (
				EBC47F741A78E409006D4AB3 /* ViewController.m in Sources */,
				EBC47F711A78E409006D4AB3 /* AppDelegate.m in Sources */,
				EBC47F6E1A78E409006D4AB3 /* main.m in Sources */,
			);
			runOnlyForDeploymentPostprocessing = 0;
		};
		EBC47F7D1A78E409006D4AB3 /* Sources */ = {
			isa = PBXSourcesBuildPhase;
			buildActionMask = 2147483647;
			files = (
				EBC47F881A78E409006D4AB3 /* GCD__Tests.m in Sources */,
			);
			runOnlyForDeploymentPostprocessing = 0;
		};
/* End PBXSourcesBuildPhase section */

/* Begin PBXTargetDependency section */
		EBC47F831A78E409006D4AB3 /* PBXTargetDependency */ = {
			isa = PBXTargetDependency;
			target = EBC47F671A78E408006D4AB3 /* GCD演练 */;
			targetProxy = EBC47F821A78E409006D4AB3 /* PBXContainerItemProxy */;
		};
/* End PBXTargetDependency section */

/* Begin PBXVariantGroup section */
		EBC47F751A78E409006D4AB3 /* Main.storyboard */ = {
			isa = PBXVariantGroup;
			children = (
				EBC47F761A78E409006D4AB3 /* Base */,
			);
			name = Main.storyboard;
			sourceTree = "<group>";
		};
		EBC47F7A1A78E409006D4AB3 /* LaunchScreen.xib */ = {
			isa = PBXVariantGroup;
			children = (
				EBC47F7B1A78E409006D4AB3 /* Base */,
			);
			name = LaunchScreen.xib;
			sourceTree = "<group>";
		};
/* End PBXVariantGroup section */

/* Begin XCBuildConfiguration section */
		EBC47F891A78E409006D4AB3 /* Debug */ = {
			isa = XCBuildConfiguration;
			buildSettings = {
				ALWAYS_SEARCH_USER_PATHS = NO;
				CLANG_CXX_LANGUAGE_STANDARD = "gnu++0x";
				CLANG_CXX_LIBRARY = "libc++";
				CLANG_ENABLE_MODULES = YES;
				CLANG_ENABLE_OBJC_ARC = YES;
				CLANG_WARN_BOOL_CONVERSION = YES;
				CLANG_WARN_CONSTANT_CONVERSION = YES;
				CLANG_WARN_DIRECT_OBJC_ISA_USAGE = YES_ERROR;
				CLANG_WARN_EMPTY_BODY = YES;
				CLANG_WARN_ENUM_CONVERSION = YES;
				CLANG_WARN_INT_CONVERSION = YES;
				CLANG_WARN_OBJC_ROOT_CLASS = YES_ERROR;
				CLANG_WARN_UNREACHABLE_CODE = YES;
				CLANG_WARN__DUPLICATE_METHOD_MATCH = YES;
				"CODE_SIGN_IDENTITY[sdk=iphoneos*]" = "iPhone Developer";
				COPY_PHASE_STRIP = NO;
				ENABLE_STRICT_OBJC_MSGSEND = YES;
				GCC_C_LANGUAGE_STANDARD = gnu99;
				GCC_DYNAMIC_NO_PIC = NO;
				GCC_OPTIMIZATION_LEVEL = 0;
				GCC_PREPROCESSOR_DEFINITIONS = (
					"DEBUG=1",
					"$(inherited)",
				);
				GCC_SYMBOLS_PRIVATE_EXTERN = NO;
				GCC_WARN_64_TO_32_BIT_CONVERSION = YES;
				GCC_WARN_ABOUT_RETURN_TYPE = YES_ERROR;
				GCC_WARN_UNDECLARED_SELECTOR = YES;
				GCC_WARN_UNINITIALIZED_AUTOS = YES_AGGRESSIVE;
				GCC_WARN_UNUSED_FUNCTION = YES;
				GCC_WARN_UNUSED_VARIABLE = YES;
				IPHONEOS_DEPLOYMENT_TARGET = 8.1;
				MTL_ENABLE_DEBUG_INFO = YES;
				ONLY_ACTIVE_ARCH = YES;
				SDKROOT = iphoneos;
				TARGETED_DEVICE_FAMILY = "1,2";
			};
			name = Debug;
		};
		EBC47F8A1A78E409006D4AB3 /* Release */ = {
			isa = XCBuildConfiguration;
			buildSettings = {
				ALWAYS_SEARCH_USER_PATHS = NO;
				CLANG_CXX_LANGUAGE_STANDARD = "gnu++0x";
				CLANG_CXX_LIBRARY = "libc++";
				CLANG_ENABLE_MODULES = YES;
				CLANG_ENABLE_OBJC_ARC = YES;
				CLANG_WARN_BOOL_CONVERSION = YES;
				CLANG_WARN_CONSTANT_CONVERSION = YES;
				CLANG_WARN_DIRECT_OBJC_ISA_USAGE = YES_ERROR;
				CLANG_WARN_EMPTY_BODY = YES;
				CLANG_WARN_ENUM_CONVERSION = YES;
				CLANG_WARN_INT_CONVERSION = YES;
				CLANG_WARN_OBJC_ROOT_CLASS = YES_ERROR;
				CLANG_WARN_UNREACHABLE_CODE = YES;
				CLANG_WARN__DUPLICATE_METHOD_MATCH = YES;
				"CODE_SIGN_IDENTITY[sdk=iphoneos*]" = "iPhone Developer";
				COPY_PHASE_STRIP = YES;
				ENABLE_NS_ASSERTIONS = NO;
				ENABLE_STRICT_OBJC_MSGSEND = YES;
				GCC_C_LANGUAGE_STANDARD = gnu99;
				GCC_WARN_64_TO_32_BIT_CONVERSION = YES;
				GCC_WARN_ABOUT_RETURN_TYPE = YES_ERROR;
				GCC_WARN_UNDECLARED_SELECTOR = YES;
				GCC_WARN_UNINITIALIZED_AUTOS = YES_AGGRESSIVE;
				GCC_WARN_UNUSED_FUNCTION = YES;
				GCC_WARN_UNUSED_VARIABLE = YES;
				IPHONEOS_DEPLOYMENT_TARGET = 8.1;
				MTL_ENABLE_DEBUG_INFO = NO;
				SDKROOT = iphoneos;
				TARGETED_DEVICE_FAMILY = "1,2";
				VALIDATE_PRODUCT = YES;
			};
			name = Release;
		};
		EBC47F8C1A78E409006D4AB3 /* Debug */ = {
			isa = XCBuildConfiguration;
			buildSettings = {
				ASSETCATALOG_COMPILER_APPICON_NAME = AppIcon;
				INFOPLIST_FILE = "GCD演练/Info.plist";
				LD_RUNPATH_SEARCH_PATHS = "$(inherited) @executable_path/Frameworks";
				PRODUCT_NAME = "$(TARGET_NAME)";
			};
			name = Debug;
		};
		EBC47F8D1A78E409006D4AB3 /* Release */ = {
			isa = XCBuildConfiguration;
			buildSettings = {
				ASSETCATALOG_COMPILER_APPICON_NAME = AppIcon;
				INFOPLIST_FILE = "GCD演练/Info.plist";
				LD_RUNPATH_SEARCH_PATHS = "$(inherited) @executable_path/Frameworks";
				PRODUCT_NAME = "$(TARGET_NAME)";
			};
			name = Release;
		};
		EBC47F8F1A78E409006D4AB3 /* Debug */ = {
			isa = XCBuildConfiguration;
			buildSettings = {
				BUNDLE_LOADER = "$(TEST_HOST)";
				FRAMEWORK_SEARCH_PATHS = (
					"$(SDKROOT)/Developer/Library/Frameworks",
					"$(inherited)",
				);
				GCC_PREPROCESSOR_DEFINITIONS = (
					"DEBUG=1",
					"$(inherited)",
				);
				INFOPLIST_FILE = "GCD演练Tests/Info.plist";
				LD_RUNPATH_SEARCH_PATHS = "$(inherited) @executable_path/Frameworks @loader_path/Frameworks";
				PRODUCT_NAME = "$(TARGET_NAME)";
				TEST_HOST = "$(BUILT_PRODUCTS_DIR)/GCD演练.app/GCD演练";
			};
			name = Debug;
		};
		EBC47F901A78E409006D4AB3 /* Release */ = {
			isa = XCBuildConfiguration;
			buildSettings = {
				BUNDLE_LOADER = "$(TEST_HOST)";
				FRAMEWORK_SEARCH_PATHS = (
					"$(SDKROOT)/Developer/Library/Frameworks",
					"$(inherited)",
				);
				INFOPLIST_FILE = "GCD演练Tests/Info.plist";
				LD_RUNPATH_SEARCH_PATHS = "$(inherited) @executable_path/Frameworks @loader_path/Frameworks";
				PRODUCT_NAME = "$(TARGET_NAME)";
				TEST_HOST = "$(BUILT_PRODUCTS_DIR)/GCD演练.app/GCD演练";
			};
			name = Release;
		};
/* End XCBuildConfiguration section */

/* Begin XCConfigurationList section */
		EBC47F631A78E408006D4AB3 /* Build configuration list for PBXProject "GCD演练" */ = {
			isa = XCConfigurationList;
			buildConfigurations = (
				EBC47F891A78E409006D4AB3 /* Debug */,
				EBC47F8A1A78E409006D4AB3 /* Release */,
			);
			defaultConfigurationIsVisible = 0;
			defaultConfigurationName = Release;
		};
		EBC47F8B1A78E409006D4AB3 /* Build configuration list for PBXNativeTarget "GCD演练" */ = {
			isa = XCConfigurationList;
			buildConfigurations = (
				EBC47F8C1A78E409006D4AB3 /* Debug */,
				EBC47F8D1A78E409006D4AB3 /* Release */,
			);
			defaultConfigurationIsVisible = 0;
		};
		EBC47F8E1A78E409006D4AB3 /* Build configuration list for PBXNativeTarget "GCD演练Tests" */ = {
			isa = XCConfigurationList;
			buildConfigurations = (
				EBC47F8F1A78E409006D4AB3 /* Debug */,
				EBC47F901A78E409006D4AB3 /* Release */,
			);
			defaultConfigurationIsVisible = 0;
		};
/* End XCConfigurationList section */
	};
	rootObject = EBC47F601A78E408006D4AB3 /* Project object */;
}
